{
  "name": "arcgis-print-ui",
  "version": "1.3.2",
  "lockfileVersion": 1,
  "requires": true,
  "dependencies": {
    "@types/arcgis-js-api": {
      "version": "3.28.1",
      "resolved": "https://registry.npmjs.org/@types/arcgis-js-api/-/arcgis-js-api-3.28.1.tgz",
      "integrity": "sha512-ZGXnlXb2QhjswgphH21k42aqVmyV8Kw8UO6ii3GfnVEB8JARLFJIWucN0nEVlEsa+Iz6BuIb/NRYtjejwDHySw==",
      "dev": true
    },
    "@types/dojo": {
      "version": "1.9.41",
      "resolved": "https://registry.npmjs.org/@types/dojo/-/dojo-1.9.41.tgz",
      "integrity": "sha512-N/WEkyAdJjIb2yKcXzTTqtOUsc6PkMDYMyePOH0gE/c9p6VG9Rr/Qy0eGsZlmIM2m9WhZm7t+Sflj/FeS2vhkQ==",
      "dev": true
    },
    "typescript": {
      "version": "3.5.1",
      "resolved": "https://registry.npmjs.org/typescript/-/typescript-3.5.1.tgz",
      "integrity": "sha512-64HkdiRv1yYZsSe4xC1WVgamNigVYjlssIoaH2HcZF0+ijsk5YK2g0G34w9wJkze8+5ow4STd22AynfO6ZYYLw==",
      "dev": true
    }
  }
}
